
Microsoft Visual Studio Solution File, Format Version 12.00
# Visual Studio Version 16
VisualStudioVersion = 16.0.30907.101
MinimumVisualStudioVersion = 10.0.40219.1
Project("{9A19103F-16F7-4668-BE54-9A1E7A4F7556}") = "ConsumerRabbit", "ConsumerRabbit\ConsumerRabbit.csproj", "{4CA638EC-7439-4F9F-8D17-47DD4FDD87A1}"
EndProject
Global
	GlobalSection(SolutionConfigurationPlatforms) = preSolution
		Debug|Any CPU = Debug|Any CPU
		Release|Any CPU = Release|Any CPU
	EndGlobalSection
	GlobalSection(ProjectConfigurationPlatforms) = postSolution
		{4CA638EC-7439-4F9F-8D17-47DD4FDD87A1}.Debug|Any CPU.ActiveCfg = Debug|Any CPU
		{4CA638EC-7439-4F9F-8D17-47DD4FDD87A1}.Debug|Any CPU.Build.0 = Debug|Any CPU
		{4CA638EC-7439-4F9F-8D17-47DD4FDD87A1}.Release|Any CPU.ActiveCfg = Release|Any CPU
		{4CA638EC-7439-4F9F-8D17-47DD4FDD87A1}.Release|Any CPU.Build.0 = Release|Any CPU
	EndGlobalSection
	GlobalSection(SolutionProperties) = preSolution
		HideSolutionNode = FALSE
	EndGlobalSection
	GlobalSection(ExtensibilityGlobals) = postSolution
		SolutionGuid = {2538FB96-C6EB-445D-9560-1BF3F04C66A6}
	EndGlobalSection
EndGlobal
